// !$*UTF8*$!
{
	archiveVersion = 1;
	classes = {
	};
	objectVersion = 56;
	objects = {

/* Begin PBXBuildFile section */
		340564432973F40500A5CCF1 /* UIColor.swift in Sources */ = {isa = PBXBuildFile; fileRef = 340564422973F40500A5CCF1 /* UIColor.swift */; };
		340564452973F49400A5CCF1 /* NSLayoutConstraints.swift in Sources */ = {isa = PBXBuildFile; fileRef = 340564442973F49400A5CCF1 /* NSLayoutConstraints.swift */; };
		3405644829743E1700A5CCF1 /* OnboardingCards.swift in Sources */ = {isa = PBXBuildFile; fileRef = 3405644729743E1700A5CCF1 /* OnboardingCards.swift */; };
		3405644A29743E5C00A5CCF1 /* ViewModelsData.swift in Sources */ = {isa = PBXBuildFile; fileRef = 3405644929743E5C00A5CCF1 /* ViewModelsData.swift */; };
		3405644C29744C9300A5CCF1 /* UIStackView.swift in Sources */ = {isa = PBXBuildFile; fileRef = 3405644B29744C9300A5CCF1 /* UIStackView.swift */; };
		34135E14297545D40055F198 /* AccountViewController.swift in Sources */ = {isa = PBXBuildFile; fileRef = 34135E13297545D40055F198 /* AccountViewController.swift */; };
		34135E16297546D50055F198 /* AccountFieldsTableViewCell.swift in Sources */ = {isa = PBXBuildFile; fileRef = 34135E15297546D50055F198 /* AccountFieldsTableViewCell.swift */; };
		34135E1A29754A340055F198 /* CustomUITextField.swift in Sources */ = {isa = PBXBuildFile; fileRef = 34135E1929754A340055F198 /* CustomUITextField.swift */; };
		34135E1C29754DDF0055F198 /* CustomTextField.swift in Sources */ = {isa = PBXBuildFile; fileRef = 34135E1B29754DDF0055F198 /* CustomTextField.swift */; };
		34135E1E297554EC0055F198 /* AccountPage.swift in Sources */ = {isa = PBXBuildFile; fileRef = 34135E1D297554EC0055F198 /* AccountPage.swift */; };
		34135E21297555A70055F198 /* AccountHeaderTableViewCell.swift in Sources */ = {isa = PBXBuildFile; fileRef = 34135E20297555A70055F198 /* AccountHeaderTableViewCell.swift */; };
		34135E23297576950055F198 /* AccountHelperTextTableViewCell.swift in Sources */ = {isa = PBXBuildFile; fileRef = 34135E22297576950055F198 /* AccountHelperTextTableViewCell.swift */; };
		34135E252975773F0055F198 /* AccountActionButtonTableViewCell.swift in Sources */ = {isa = PBXBuildFile; fileRef = 34135E242975773F0055F198 /* AccountActionButtonTableViewCell.swift */; };
		344D7EE9298028010002B240 /* HomeViewControllerTableViewCell.swift in Sources */ = {isa = PBXBuildFile; fileRef = 344D7EE8298028010002B240 /* HomeViewControllerTableViewCell.swift */; };
		344D7EEB298029030002B240 /* CellTitle.swift in Sources */ = {isa = PBXBuildFile; fileRef = 344D7EEA298029030002B240 /* CellTitle.swift */; };
		344D7EED2980299D0002B240 /* CellFields.swift in Sources */ = {isa = PBXBuildFile; fileRef = 344D7EEC2980299D0002B240 /* CellFields.swift */; };
		3459AD742977E7DB00A26C68 /* String.swift in Sources */ = {isa = PBXBuildFile; fileRef = 3459AD732977E7DB00A26C68 /* String.swift */; };
		346779F02971A731002D2A79 /* UILabel.swift in Sources */ = {isa = PBXBuildFile; fileRef = 346779EF2971A731002D2A79 /* UILabel.swift */; };
		347D6680297FD546009054BA /* FeeCreatorAddDataPrompt.swift in Sources */ = {isa = PBXBuildFile; fileRef = 347D667F297FD546009054BA /* FeeCreatorAddDataPrompt.swift */; };
		349A4E4829705EDA0052800B /* UIButton.swift in Sources */ = {isa = PBXBuildFile; fileRef = 349A4E4729705EDA0052800B /* UIButton.swift */; };
		34BEB613297A9205000AC02E /* Fee.swift in Sources */ = {isa = PBXBuildFile; fileRef = 34BEB612297A9205000AC02E /* Fee.swift */; };
		34BEB616297BDFF9000AC02E /* FeeCreatorViewController.swift in Sources */ = {isa = PBXBuildFile; fileRef = 34BEB615297BDFF9000AC02E /* FeeCreatorViewController.swift */; };
		34BEB61B297BE23A000AC02E /* FeeTitleTableViewCell.swift in Sources */ = {isa = PBXBuildFile; fileRef = 34BEB61A297BE23A000AC02E /* FeeTitleTableViewCell.swift */; };
		34BEB61D297BE455000AC02E /* FeeSelectorTableViewCell.swift in Sources */ = {isa = PBXBuildFile; fileRef = 34BEB61C297BE455000AC02E /* FeeSelectorTableViewCell.swift */; };
		34BEB61F297BE864000AC02E /* FeeSelector.swift in Sources */ = {isa = PBXBuildFile; fileRef = 34BEB61E297BE864000AC02E /* FeeSelector.swift */; };
		34BEB621297BEB1B000AC02E /* FeeTextFieldTableViewCell.swift in Sources */ = {isa = PBXBuildFile; fileRef = 34BEB620297BEB1B000AC02E /* FeeTextFieldTableViewCell.swift */; };
		34BEB623297BEC90000AC02E /* FeeCreator.swift in Sources */ = {isa = PBXBuildFile; fileRef = 34BEB622297BEC8F000AC02E /* FeeCreator.swift */; };
		34BEB625297C45A8000AC02E /* FeeCreatorUIPicker.swift in Sources */ = {isa = PBXBuildFile; fileRef = 34BEB624297C45A8000AC02E /* FeeCreatorUIPicker.swift */; };
		34BEB627297C511C000AC02E /* ModalView.swift in Sources */ = {isa = PBXBuildFile; fileRef = 34BEB626297C511C000AC02E /* ModalView.swift */; };
		34C6FF7D297E81C700E70182 /* UITableView.swift in Sources */ = {isa = PBXBuildFile; fileRef = 34C6FF7C297E81C700E70182 /* UITableView.swift */; };
		34C6FF7F297ECBCB00E70182 /* User.swift in Sources */ = {isa = PBXBuildFile; fileRef = 34C6FF7E297ECBCB00E70182 /* User.swift */; };
		34C6FF81297ECF0400E70182 /* FirebaseFireStore.swift in Sources */ = {isa = PBXBuildFile; fileRef = 34C6FF80297ECF0400E70182 /* FirebaseFireStore.swift */; };
		34C6FF83297EE85F00E70182 /* FeeTuples.swift in Sources */ = {isa = PBXBuildFile; fileRef = 34C6FF82297EE85F00E70182 /* FeeTuples.swift */; };
		34C6FF86297EEA1500E70182 /* FirebaseFirestoreSwift in Frameworks */ = {isa = PBXBuildFile; productRef = 34C6FF85297EEA1500E70182 /* FirebaseFirestoreSwift */; };
		34D0103C2970409D00258959 /* AppDelegate.swift in Sources */ = {isa = PBXBuildFile; fileRef = 34D0103B2970409D00258959 /* AppDelegate.swift */; };
		34D0103E2970409D00258959 /* SceneDelegate.swift in Sources */ = {isa = PBXBuildFile; fileRef = 34D0103D2970409D00258959 /* SceneDelegate.swift */; };
		34D010402970409D00258959 /* MainViewController.swift in Sources */ = {isa = PBXBuildFile; fileRef = 34D0103F2970409D00258959 /* MainViewController.swift */; };
		34D010452970409F00258959 /* Assets.xcassets in Resources */ = {isa = PBXBuildFile; fileRef = 34D010442970409F00258959 /* Assets.xcassets */; };
		34D010482970409F00258959 /* LaunchScreen.storyboard in Resources */ = {isa = PBXBuildFile; fileRef = 34D010462970409F00258959 /* LaunchScreen.storyboard */; };
		34D01053297045BA00258959 /* NavigationBarView.swift in Sources */ = {isa = PBXBuildFile; fileRef = 34D01052297045BA00258959 /* NavigationBarView.swift */; };
		34D010562970487700258959 /* UIView.swift in Sources */ = {isa = PBXBuildFile; fileRef = 34D010552970487700258959 /* UIView.swift */; };
		34D0105929704DF500258959 /* UIViewController.swift in Sources */ = {isa = PBXBuildFile; fileRef = 34D0105829704DF500258959 /* UIViewController.swift */; };
		34D0105B29704F7700258959 /* MainPageViewController.swift in Sources */ = {isa = PBXBuildFile; fileRef = 34D0105A29704F7700258959 /* MainPageViewController.swift */; };
		34D0105D29704FA800258959 /* UIPageViewController.swift in Sources */ = {isa = PBXBuildFile; fileRef = 34D0105C29704FA800258959 /* UIPageViewController.swift */; };
		34D0106029704FE000258959 /* PageViewControllerDataSource.swift in Sources */ = {isa = PBXBuildFile; fileRef = 34D0105F29704FE000258959 /* PageViewControllerDataSource.swift */; };
		34D010622970516F00258959 /* EmbedView.swift in Sources */ = {isa = PBXBuildFile; fileRef = 34D010612970516F00258959 /* EmbedView.swift */; };
		34D01064297054C200258959 /* GoogleService-Info.plist in Resources */ = {isa = PBXBuildFile; fileRef = 34D01063297054C200258959 /* GoogleService-Info.plist */; };
		34D692692971568F007B3F40 /* Delegates.swift in Sources */ = {isa = PBXBuildFile; fileRef = 34D692682971568F007B3F40 /* Delegates.swift */; };
		34D6926C29715CD4007B3F40 /* Enums.swift in Sources */ = {isa = PBXBuildFile; fileRef = 34D6926B29715CD4007B3F40 /* Enums.swift */; };
		34D6926F29715FA5007B3F40 /* HomeViewController.swift in Sources */ = {isa = PBXBuildFile; fileRef = 34D6926E29715FA5007B3F40 /* HomeViewController.swift */; };
		34D6927629716D5A007B3F40 /* OnboardingPageViewController.swift in Sources */ = {isa = PBXBuildFile; fileRef = 34D6927529716D5A007B3F40 /* OnboardingPageViewController.swift */; };
		34D6927829716EBC007B3F40 /* OnboardingGeneralViewController.swift in Sources */ = {isa = PBXBuildFile; fileRef = 34D6927729716EBC007B3F40 /* OnboardingGeneralViewController.swift */; };
		34D6927A29718FE5007B3F40 /* OnboardingViewController.swift in Sources */ = {isa = PBXBuildFile; fileRef = 34D6927929718FE5007B3F40 /* OnboardingViewController.swift */; };
		34D6928329719F3A007B3F40 /* IBMPlexSans-Bold.ttf in Resources */ = {isa = PBXBuildFile; fileRef = 34D6927C29719F37007B3F40 /* IBMPlexSans-Bold.ttf */; };
		34D6928429719F3A007B3F40 /* IBMPlexSans-Medium.ttf in Resources */ = {isa = PBXBuildFile; fileRef = 34D6927D29719F38007B3F40 /* IBMPlexSans-Medium.ttf */; };
		34D6928529719F3A007B3F40 /* IBMPlexSans-Thin.ttf in Resources */ = {isa = PBXBuildFile; fileRef = 34D6927E29719F38007B3F40 /* IBMPlexSans-Thin.ttf */; };
		34D6928629719F3A007B3F40 /* IBMPlexSans-SemiBold.ttf in Resources */ = {isa = PBXBuildFile; fileRef = 34D6927F29719F38007B3F40 /* IBMPlexSans-SemiBold.ttf */; };
		34D6928729719F3A007B3F40 /* IBMPlexSans-Regular.ttf in Resources */ = {isa = PBXBuildFile; fileRef = 34D6928029719F39007B3F40 /* IBMPlexSans-Regular.ttf */; };
		34D6928829719F3A007B3F40 /* IBMPlexSans-Light.ttf in Resources */ = {isa = PBXBuildFile; fileRef = 34D6928129719F3A007B3F40 /* IBMPlexSans-Light.ttf */; };
		34D6928929719F3A007B3F40 /* IBMPlexSans-Italic.ttf in Resources */ = {isa = PBXBuildFile; fileRef = 34D6928229719F3A007B3F40 /* IBMPlexSans-Italic.ttf */; };
		34D9329D297D3CD10046D70F /* Various.swift in Sources */ = {isa = PBXBuildFile; fileRef = 34D9329C297D3CD10046D70F /* Various.swift */; };
		34D9329F297D64730046D70F /* FeeActionTableViewCell.swift in Sources */ = {isa = PBXBuildFile; fileRef = 34D9329E297D64730046D70F /* FeeActionTableViewCell.swift */; };
		34F00255297457030097C787 /* FirebaseAuthentication.swift in Sources */ = {isa = PBXBuildFile; fileRef = 34F00254297457030097C787 /* FirebaseAuthentication.swift */; };
		34F347A0298054D0002E0CD3 /* PresentFeeViewController.swift in Sources */ = {isa = PBXBuildFile; fileRef = 34F3479F298054D0002E0CD3 /* PresentFeeViewController.swift */; };
		34F347A22980788C002E0CD3 /* EmptyCell.swift in Sources */ = {isa = PBXBuildFile; fileRef = 34F347A12980788C002E0CD3 /* EmptyCell.swift */; };
		34F347A6298081DD002E0CD3 /* AccountViewerViewController.swift in Sources */ = {isa = PBXBuildFile; fileRef = 34F347A5298081DD002E0CD3 /* AccountViewerViewController.swift */; };
		34FFF7E529793967002D63FB /* FirebaseAnalytics in Frameworks */ = {isa = PBXBuildFile; productRef = 34FFF7E429793967002D63FB /* FirebaseAnalytics */; };
		34FFF7E729793967002D63FB /* FirebaseAuth in Frameworks */ = {isa = PBXBuildFile; productRef = 34FFF7E629793967002D63FB /* FirebaseAuth */; };
		34FFF7E929793967002D63FB /* FirebaseCrashlytics in Frameworks */ = {isa = PBXBuildFile; productRef = 34FFF7E829793967002D63FB /* FirebaseCrashlytics */; };
		34FFF7EB29793967002D63FB /* FirebaseDatabase in Frameworks */ = {isa = PBXBuildFile; productRef = 34FFF7EA29793967002D63FB /* FirebaseDatabase */; };
		34FFF7ED29793967002D63FB /* FirebaseFirestore in Frameworks */ = {isa = PBXBuildFile; productRef = 34FFF7EC29793967002D63FB /* FirebaseFirestore */; };
		34FFF7EF29793967002D63FB /* FirebasePerformance in Frameworks */ = {isa = PBXBuildFile; productRef = 34FFF7EE29793967002D63FB /* FirebasePerformance */; };
		34FFF7F129793967002D63FB /* FirebaseStorage in Frameworks */ = {isa = PBXBuildFile; productRef = 34FFF7F029793967002D63FB /* FirebaseStorage */; };
		34FFF7F3297943AB002D63FB /* AuthentificationError.swift in Sources */ = {isa = PBXBuildFile; fileRef = 34FFF7F2297943AB002D63FB /* AuthentificationError.swift */; };
		34FFF7F52979582F002D63FB /* LaunchViewController.swift in Sources */ = {isa = PBXBuildFile; fileRef = 34FFF7F42979582F002D63FB /* LaunchViewController.swift */; };
		34FFF7F7297960B6002D63FB /* Defaults.swift in Sources */ = {isa = PBXBuildFile; fileRef = 34FFF7F6297960B6002D63FB /* Defaults.swift */; };
/* End PBXBuildFile section */

/* Begin PBXFileReference section */
		340564422973F40500A5CCF1 /* UIColor.swift */ = {isa = PBXFileReference; lastKnownFileType = sourcecode.swift; path = UIColor.swift; sourceTree = "<group>"; };
		340564442973F49400A5CCF1 /* NSLayoutConstraints.swift */ = {isa = PBXFileReference; lastKnownFileType = sourcecode.swift; path = NSLayoutConstraints.swift; sourceTree = "<group>"; };
		3405644729743E1700A5CCF1 /* OnboardingCards.swift */ = {isa = PBXFileReference; lastKnownFileType = sourcecode.swift; path = OnboardingCards.swift; sourceTree = "<group>"; };
		3405644929743E5C00A5CCF1 /* ViewModelsData.swift */ = {isa = PBXFileReference; lastKnownFileType = sourcecode.swift; path = ViewModelsData.swift; sourceTree = "<group>"; };
		3405644B29744C9300A5CCF1 /* UIStackView.swift */ = {isa = PBXFileReference; lastKnownFileType = sourcecode.swift; path = UIStackView.swift; sourceTree = "<group>"; };
		34135E13297545D40055F198 /* AccountViewController.swift */ = {isa = PBXFileReference; lastKnownFileType = sourcecode.swift; path = AccountViewController.swift; sourceTree = "<group>"; };
		34135E15297546D50055F198 /* AccountFieldsTableViewCell.swift */ = {isa = PBXFileReference; lastKnownFileType = sourcecode.swift; path = AccountFieldsTableViewCell.swift; sourceTree = "<group>"; };
		34135E1929754A340055F198 /* CustomUITextField.swift */ = {isa = PBXFileReference; fileEncoding = 4; lastKnownFileType = sourcecode.swift; path = CustomUITextField.swift; sourceTree = "<group>"; };
		34135E1B29754DDF0055F198 /* CustomTextField.swift */ = {isa = PBXFileReference; lastKnownFileType = sourcecode.swift; path = CustomTextField.swift; sourceTree = "<group>"; };
		34135E1D297554EC0055F198 /* AccountPage.swift */ = {isa = PBXFileReference; lastKnownFileType = sourcecode.swift; path = AccountPage.swift; sourceTree = "<group>"; };
		34135E20297555A70055F198 /* AccountHeaderTableViewCell.swift */ = {isa = PBXFileReference; lastKnownFileType = sourcecode.swift; path = AccountHeaderTableViewCell.swift; sourceTree = "<group>"; };
		34135E22297576950055F198 /* AccountHelperTextTableViewCell.swift */ = {isa = PBXFileReference; lastKnownFileType = sourcecode.swift; path = AccountHelperTextTableViewCell.swift; sourceTree = "<group>"; };
		34135E242975773F0055F198 /* AccountActionButtonTableViewCell.swift */ = {isa = PBXFileReference; lastKnownFileType = sourcecode.swift; path = AccountActionButtonTableViewCell.swift; sourceTree = "<group>"; };
		344D7EE8298028010002B240 /* HomeViewControllerTableViewCell.swift */ = {isa = PBXFileReference; lastKnownFileType = sourcecode.swift; path = HomeViewControllerTableViewCell.swift; sourceTree = "<group>"; };
		344D7EEA298029030002B240 /* CellTitle.swift */ = {isa = PBXFileReference; lastKnownFileType = sourcecode.swift; path = CellTitle.swift; sourceTree = "<group>"; };
		344D7EEC2980299D0002B240 /* CellFields.swift */ = {isa = PBXFileReference; lastKnownFileType = sourcecode.swift; path = CellFields.swift; sourceTree = "<group>"; };
		3459AD732977E7DB00A26C68 /* String.swift */ = {isa = PBXFileReference; lastKnownFileType = sourcecode.swift; path = String.swift; sourceTree = "<group>"; };
		346779EF2971A731002D2A79 /* UILabel.swift */ = {isa = PBXFileReference; lastKnownFileType = sourcecode.swift; path = UILabel.swift; sourceTree = "<group>"; };
		347D667F297FD546009054BA /* FeeCreatorAddDataPrompt.swift */ = {isa = PBXFileReference; lastKnownFileType = sourcecode.swift; path = FeeCreatorAddDataPrompt.swift; sourceTree = "<group>"; };
		349A4E4729705EDA0052800B /* UIButton.swift */ = {isa = PBXFileReference; lastKnownFileType = sourcecode.swift; path = UIButton.swift; sourceTree = "<group>"; };
		34BEB612297A9205000AC02E /* Fee.swift */ = {isa = PBXFileReference; lastKnownFileType = sourcecode.swift; path = Fee.swift; sourceTree = "<group>"; };
		34BEB615297BDFF9000AC02E /* FeeCreatorViewController.swift */ = {isa = PBXFileReference; lastKnownFileType = sourcecode.swift; path = FeeCreatorViewController.swift; sourceTree = "<group>"; };
		34BEB61A297BE23A000AC02E /* FeeTitleTableViewCell.swift */ = {isa = PBXFileReference; lastKnownFileType = sourcecode.swift; path = FeeTitleTableViewCell.swift; sourceTree = "<group>"; };
		34BEB61C297BE455000AC02E /* FeeSelectorTableViewCell.swift */ = {isa = PBXFileReference; lastKnownFileType = sourcecode.swift; path = FeeSelectorTableViewCell.swift; sourceTree = "<group>"; };
		34BEB61E297BE864000AC02E /* FeeSelector.swift */ = {isa = PBXFileReference; lastKnownFileType = sourcecode.swift; path = FeeSelector.swift; sourceTree = "<group>"; };
		34BEB620297BEB1B000AC02E /* FeeTextFieldTableViewCell.swift */ = {isa = PBXFileReference; lastKnownFileType = sourcecode.swift; path = FeeTextFieldTableViewCell.swift; sourceTree = "<group>"; };
		34BEB622297BEC8F000AC02E /* FeeCreator.swift */ = {isa = PBXFileReference; lastKnownFileType = sourcecode.swift; path = FeeCreator.swift; sourceTree = "<group>"; };
		34BEB624297C45A8000AC02E /* FeeCreatorUIPicker.swift */ = {isa = PBXFileReference; lastKnownFileType = sourcecode.swift; path = FeeCreatorUIPicker.swift; sourceTree = "<group>"; };
		34BEB626297C511C000AC02E /* ModalView.swift */ = {isa = PBXFileReference; lastKnownFileType = sourcecode.swift; path = ModalView.swift; sourceTree = "<group>"; };
		34C6FF7C297E81C700E70182 /* UITableView.swift */ = {isa = PBXFileReference; lastKnownFileType = sourcecode.swift; path = UITableView.swift; sourceTree = "<group>"; };
		34C6FF7E297ECBCB00E70182 /* User.swift */ = {isa = PBXFileReference; lastKnownFileType = sourcecode.swift; path = User.swift; sourceTree = "<group>"; };
		34C6FF80297ECF0400E70182 /* FirebaseFireStore.swift */ = {isa = PBXFileReference; lastKnownFileType = sourcecode.swift; path = FirebaseFireStore.swift; sourceTree = "<group>"; };
		34C6FF82297EE85F00E70182 /* FeeTuples.swift */ = {isa = PBXFileReference; lastKnownFileType = sourcecode.swift; path = FeeTuples.swift; sourceTree = "<group>"; };
		34D010382970409D00258959 /* FeeManager.app */ = {isa = PBXFileReference; explicitFileType = wrapper.application; includeInIndex = 0; path = FeeManager.app; sourceTree = BUILT_PRODUCTS_DIR; };
		34D0103B2970409D00258959 /* AppDelegate.swift */ = {isa = PBXFileReference; lastKnownFileType = sourcecode.swift; path = AppDelegate.swift; sourceTree = "<group>"; };
		34D0103D2970409D00258959 /* SceneDelegate.swift */ = {isa = PBXFileReference; lastKnownFileType = sourcecode.swift; path = SceneDelegate.swift; sourceTree = "<group>"; };
		34D0103F2970409D00258959 /* MainViewController.swift */ = {isa = PBXFileReference; lastKnownFileType = sourcecode.swift; path = MainViewController.swift; sourceTree = "<group>"; };
		34D010442970409F00258959 /* Assets.xcassets */ = {isa = PBXFileReference; lastKnownFileType = folder.assetcatalog; path = Assets.xcassets; sourceTree = "<group>"; };
		34D010472970409F00258959 /* Base */ = {isa = PBXFileReference; lastKnownFileType = file.storyboard; name = Base; path = Base.lproj/LaunchScreen.storyboard; sourceTree = "<group>"; };
		34D010492970409F00258959 /* Info.plist */ = {isa = PBXFileReference; lastKnownFileType = text.plist.xml; path = Info.plist; sourceTree = "<group>"; };
		34D01052297045BA00258959 /* NavigationBarView.swift */ = {isa = PBXFileReference; lastKnownFileType = sourcecode.swift; path = NavigationBarView.swift; sourceTree = "<group>"; };
		34D010552970487700258959 /* UIView.swift */ = {isa = PBXFileReference; lastKnownFileType = sourcecode.swift; path = UIView.swift; sourceTree = "<group>"; };
		34D0105829704DF500258959 /* UIViewController.swift */ = {isa = PBXFileReference; lastKnownFileType = sourcecode.swift; path = UIViewController.swift; sourceTree = "<group>"; };
		34D0105A29704F7700258959 /* MainPageViewController.swift */ = {isa = PBXFileReference; lastKnownFileType = sourcecode.swift; path = MainPageViewController.swift; sourceTree = "<group>"; };
		34D0105C29704FA800258959 /* UIPageViewController.swift */ = {isa = PBXFileReference; lastKnownFileType = sourcecode.swift; path = UIPageViewController.swift; sourceTree = "<group>"; };
		34D0105F29704FE000258959 /* PageViewControllerDataSource.swift */ = {isa = PBXFileReference; lastKnownFileType = sourcecode.swift; path = PageViewControllerDataSource.swift; sourceTree = "<group>"; };
		34D010612970516F00258959 /* EmbedView.swift */ = {isa = PBXFileReference; lastKnownFileType = sourcecode.swift; path = EmbedView.swift; sourceTree = "<group>"; };
		34D01063297054C200258959 /* GoogleService-Info.plist */ = {isa = PBXFileReference; fileEncoding = 4; lastKnownFileType = text.plist.xml; path = "GoogleService-Info.plist"; sourceTree = "<group>"; };
		34D692682971568F007B3F40 /* Delegates.swift */ = {isa = PBXFileReference; lastKnownFileType = sourcecode.swift; path = Delegates.swift; sourceTree = "<group>"; };
		34D6926B29715CD4007B3F40 /* Enums.swift */ = {isa = PBXFileReference; lastKnownFileType = sourcecode.swift; path = Enums.swift; sourceTree = "<group>"; };
		34D6926E29715FA5007B3F40 /* HomeViewController.swift */ = {isa = PBXFileReference; lastKnownFileType = sourcecode.swift; path = HomeViewController.swift; sourceTree = "<group>"; };
		34D6927529716D5A007B3F40 /* OnboardingPageViewController.swift */ = {isa = PBXFileReference; lastKnownFileType = sourcecode.swift; path = OnboardingPageViewController.swift; sourceTree = "<group>"; };
		34D6927729716EBC007B3F40 /* OnboardingGeneralViewController.swift */ = {isa = PBXFileReference; lastKnownFileType = sourcecode.swift; path = OnboardingGeneralViewController.swift; sourceTree = "<group>"; };
		34D6927929718FE5007B3F40 /* OnboardingViewController.swift */ = {isa = PBXFileReference; lastKnownFileType = sourcecode.swift; path = OnboardingViewController.swift; sourceTree = "<group>"; };
		34D6927C29719F37007B3F40 /* IBMPlexSans-Bold.ttf */ = {isa = PBXFileReference; lastKnownFileType = file; path = "IBMPlexSans-Bold.ttf"; sourceTree = "<group>"; };
		34D6927D29719F38007B3F40 /* IBMPlexSans-Medium.ttf */ = {isa = PBXFileReference; lastKnownFileType = file; path = "IBMPlexSans-Medium.ttf"; sourceTree = "<group>"; };
		34D6927E29719F38007B3F40 /* IBMPlexSans-Thin.ttf */ = {isa = PBXFileReference; lastKnownFileType = file; path = "IBMPlexSans-Thin.ttf"; sourceTree = "<group>"; };
		34D6927F29719F38007B3F40 /* IBMPlexSans-SemiBold.ttf */ = {isa = PBXFileReference; lastKnownFileType = file; path = "IBMPlexSans-SemiBold.ttf"; sourceTree = "<group>"; };
		34D6928029719F39007B3F40 /* IBMPlexSans-Regular.ttf */ = {isa = PBXFileReference; lastKnownFileType = file; path = "IBMPlexSans-Regular.ttf"; sourceTree = "<group>"; };
		34D6928129719F3A007B3F40 /* IBMPlexSans-Light.ttf */ = {isa = PBXFileReference; lastKnownFileType = file; path = "IBMPlexSans-Light.ttf"; sourceTree = "<group>"; };
		34D6928229719F3A007B3F40 /* IBMPlexSans-Italic.ttf */ = {isa = PBXFileReference; lastKnownFileType = file; path = "IBMPlexSans-Italic.ttf"; sourceTree = "<group>"; };
		34D9329C297D3CD10046D70F /* Various.swift */ = {isa = PBXFileReference; lastKnownFileType = sourcecode.swift; path = Various.swift; sourceTree = "<group>"; };
		34D9329E297D64730046D70F /* FeeActionTableViewCell.swift */ = {isa = PBXFileReference; lastKnownFileType = sourcecode.swift; path = FeeActionTableViewCell.swift; sourceTree = "<group>"; };
		34F00254297457030097C787 /* FirebaseAuthentication.swift */ = {isa = PBXFileReference; lastKnownFileType = sourcecode.swift; path = FirebaseAuthentication.swift; sourceTree = "<group>"; };
		34F3479F298054D0002E0CD3 /* PresentFeeViewController.swift */ = {isa = PBXFileReference; lastKnownFileType = sourcecode.swift; path = PresentFeeViewController.swift; sourceTree = "<group>"; };
		34F347A12980788C002E0CD3 /* EmptyCell.swift */ = {isa = PBXFileReference; lastKnownFileType = sourcecode.swift; path = EmptyCell.swift; sourceTree = "<group>"; };
		34F347A5298081DD002E0CD3 /* AccountViewerViewController.swift */ = {isa = PBXFileReference; lastKnownFileType = sourcecode.swift; path = AccountViewerViewController.swift; sourceTree = "<group>"; };
		34FFF7F2297943AB002D63FB /* AuthentificationError.swift */ = {isa = PBXFileReference; lastKnownFileType = sourcecode.swift; path = AuthentificationError.swift; sourceTree = "<group>"; };
		34FFF7F42979582F002D63FB /* LaunchViewController.swift */ = {isa = PBXFileReference; lastKnownFileType = sourcecode.swift; path = LaunchViewController.swift; sourceTree = "<group>"; };
		34FFF7F6297960B6002D63FB /* Defaults.swift */ = {isa = PBXFileReference; lastKnownFileType = sourcecode.swift; path = Defaults.swift; sourceTree = "<group>"; };
/* End PBXFileReference section */

/* Begin PBXFrameworksBuildPhase section */
		34D010352970409D00258959 /* Frameworks */ = {
			isa = PBXFrameworksBuildPhase;
			buildActionMask = 2147483647;
			files = (
				34FFF7E929793967002D63FB /* FirebaseCrashlytics in Frameworks */,
				34FFF7E529793967002D63FB /* FirebaseAnalytics in Frameworks */,
				34FFF7EF29793967002D63FB /* FirebasePerformance in Frameworks */,
				34FFF7EB29793967002D63FB /* FirebaseDatabase in Frameworks */,
				34FFF7F129793967002D63FB /* FirebaseStorage in Frameworks */,
				34FFF7ED29793967002D63FB /* FirebaseFirestore in Frameworks */,
				34FFF7E729793967002D63FB /* FirebaseAuth in Frameworks */,
				34C6FF86297EEA1500E70182 /* FirebaseFirestoreSwift in Frameworks */,
			);
			runOnlyForDeploymentPostprocessing = 0;
		};
/* End PBXFrameworksBuildPhase section */

/* Begin PBXGroup section */
		3405644629743DFC00A5CCF1 /* View Models */ = {
			isa = PBXGroup;
			children = (
				3405644729743E1700A5CCF1 /* OnboardingCards.swift */,
				34135E1D297554EC0055F198 /* AccountPage.swift */,
				34135E1B29754DDF0055F198 /* CustomTextField.swift */,
				34C6FF7E297ECBCB00E70182 /* User.swift */,
				34BEB60D297A89F6000AC02E /* Fees */,
			);
			path = "View Models";
			sourceTree = "<group>";
		};
		34135E10297544F70055F198 /* Account */ = {
			isa = PBXGroup;
			children = (
				34135E13297545D40055F198 /* AccountViewController.swift */,
				34FFF7F2297943AB002D63FB /* AuthentificationError.swift */,
				34F347A5298081DD002E0CD3 /* AccountViewerViewController.swift */,
				34135E1F297555730055F198 /* Table View Cells */,
			);
			path = Account;
			sourceTree = "<group>";
		};
		34135E1F297555730055F198 /* Table View Cells */ = {
			isa = PBXGroup;
			children = (
				34135E20297555A70055F198 /* AccountHeaderTableViewCell.swift */,
				34135E15297546D50055F198 /* AccountFieldsTableViewCell.swift */,
				34135E22297576950055F198 /* AccountHelperTextTableViewCell.swift */,
				34135E242975773F0055F198 /* AccountActionButtonTableViewCell.swift */,
			);
			path = "Table View Cells";
			sourceTree = "<group>";
		};
		344D7EE7298027B10002B240 /* HomeViewControllerTableViewCellCells */ = {
			isa = PBXGroup;
			children = (
				344D7EEA298029030002B240 /* CellTitle.swift */,
				344D7EEC2980299D0002B240 /* CellFields.swift */,
				34F347A12980788C002E0CD3 /* EmptyCell.swift */,
			);
			path = HomeViewControllerTableViewCellCells;
			sourceTree = "<group>";
		};
		34BEB60D297A89F6000AC02E /* Fees */ = {
			isa = PBXGroup;
			children = (
				34BEB612297A9205000AC02E /* Fee.swift */,
				34BEB622297BEC8F000AC02E /* FeeCreator.swift */,
				34BEB61E297BE864000AC02E /* FeeSelector.swift */,
				34C6FF82297EE85F00E70182 /* FeeTuples.swift */,
			);
			path = Fees;
			sourceTree = "<group>";
		};
		34BEB614297BDFD8000AC02E /* FeeCreator */ = {
			isa = PBXGroup;
			children = (
				34BEB615297BDFF9000AC02E /* FeeCreatorViewController.swift */,
				34BEB624297C45A8000AC02E /* FeeCreatorUIPicker.swift */,
				347D667F297FD546009054BA /* FeeCreatorAddDataPrompt.swift */,
				34BEB617297BE02E000AC02E /* TableViewCells */,
			);
			path = FeeCreator;
			sourceTree = "<group>";
		};
		34BEB617297BE02E000AC02E /* TableViewCells */ = {
			isa = PBXGroup;
			children = (
				34BEB61A297BE23A000AC02E /* FeeTitleTableViewCell.swift */,
				34BEB61C297BE455000AC02E /* FeeSelectorTableViewCell.swift */,
				34BEB620297BEB1B000AC02E /* FeeTextFieldTableViewCell.swift */,
				34D9329E297D64730046D70F /* FeeActionTableViewCell.swift */,
			);
			path = TableViewCells;
			sourceTree = "<group>";
		};
		34C6FF84297EEA1500E70182 /* Frameworks */ = {
			isa = PBXGroup;
			children = (
			);
			name = Frameworks;
			sourceTree = "<group>";
		};
		34D0102F2970409D00258959 = {
			isa = PBXGroup;
			children = (
				34D0103A2970409D00258959 /* FeeManager */,
				34D010392970409D00258959 /* Products */,
				34C6FF84297EEA1500E70182 /* Frameworks */,
			);
			sourceTree = "<group>";
		};
		34D010392970409D00258959 /* Products */ = {
			isa = PBXGroup;
			children = (
				34D010382970409D00258959 /* FeeManager.app */,
			);
			name = Products;
			sourceTree = "<group>";
		};
		34D0103A2970409D00258959 /* FeeManager */ = {
			isa = PBXGroup;
			children = (
				34D0103B2970409D00258959 /* AppDelegate.swift */,
				34D0103D2970409D00258959 /* SceneDelegate.swift */,
				34D692682971568F007B3F40 /* Delegates.swift */,
				34D010542970486A00258959 /* Extensions */,
				34D0105E29704FC700258959 /* Helpers */,
				34D01057297048BB00258959 /* Resources */,
				34F00253297456DE0097C787 /* Managers */,
				3405644629743DFC00A5CCF1 /* View Models */,
				34FFF7F42979582F002D63FB /* LaunchViewController.swift */,
				34D6927429716C65007B3F40 /* Main */,
				34135E10297544F70055F198 /* Account */,
				34D6927329716C24007B3F40 /* Onboarding */,
				34D6927029716077007B3F40 /* Home Page */,
				34BEB614297BDFD8000AC02E /* FeeCreator */,
				34D01052297045BA00258959 /* NavigationBarView.swift */,
				34BEB626297C511C000AC02E /* ModalView.swift */,
				34D010462970409F00258959 /* LaunchScreen.storyboard */,
				34D010492970409F00258959 /* Info.plist */,
				34D01063297054C200258959 /* GoogleService-Info.plist */,
			);
			path = FeeManager;
			sourceTree = "<group>";
		};
		34D010542970486A00258959 /* Extensions */ = {
			isa = PBXGroup;
			children = (
				34D010552970487700258959 /* UIView.swift */,
				34D0105829704DF500258959 /* UIViewController.swift */,
				34D0105C29704FA800258959 /* UIPageViewController.swift */,
				349A4E4729705EDA0052800B /* UIButton.swift */,
				346779EF2971A731002D2A79 /* UILabel.swift */,
				340564422973F40500A5CCF1 /* UIColor.swift */,
				340564442973F49400A5CCF1 /* NSLayoutConstraints.swift */,
				3405644B29744C9300A5CCF1 /* UIStackView.swift */,
				3459AD732977E7DB00A26C68 /* String.swift */,
				34C6FF7C297E81C700E70182 /* UITableView.swift */,
			);
			path = Extensions;
			sourceTree = "<group>";
		};
		34D01057297048BB00258959 /* Resources */ = {
			isa = PBXGroup;
			children = (
				34D6927B29719F03007B3F40 /* Fonts */,
				34D010442970409F00258959 /* Assets.xcassets */,
				34FFF7F6297960B6002D63FB /* Defaults.swift */,
				34D6926B29715CD4007B3F40 /* Enums.swift */,
				3405644929743E5C00A5CCF1 /* ViewModelsData.swift */,
			);
			path = Resources;
			sourceTree = "<group>";
		};
		34D0105E29704FC700258959 /* Helpers */ = {
			isa = PBXGroup;
			children = (
				34D0105F29704FE000258959 /* PageViewControllerDataSource.swift */,
				34135E1929754A340055F198 /* CustomUITextField.swift */,
				34D010612970516F00258959 /* EmbedView.swift */,
				34D9329C297D3CD10046D70F /* Various.swift */,
			);
			path = Helpers;
			sourceTree = "<group>";
		};
		34D6927029716077007B3F40 /* Home Page */ = {
			isa = PBXGroup;
			children = (
				34D6926E29715FA5007B3F40 /* HomeViewController.swift */,
				344D7EE8298028010002B240 /* HomeViewControllerTableViewCell.swift */,
				34F3479F298054D0002E0CD3 /* PresentFeeViewController.swift */,
				344D7EE7298027B10002B240 /* HomeViewControllerTableViewCellCells */,
			);
			path = "Home Page";
			sourceTree = "<group>";
		};
		34D6927329716C24007B3F40 /* Onboarding */ = {
			isa = PBXGroup;
			children = (
				34D6927929718FE5007B3F40 /* OnboardingViewController.swift */,
				34D6927529716D5A007B3F40 /* OnboardingPageViewController.swift */,
				34D6927729716EBC007B3F40 /* OnboardingGeneralViewController.swift */,
			);
			path = Onboarding;
			sourceTree = "<group>";
		};
		34D6927429716C65007B3F40 /* Main */ = {
			isa = PBXGroup;
			children = (
				34D0103F2970409D00258959 /* MainViewController.swift */,
				34D0105A29704F7700258959 /* MainPageViewController.swift */,
			);
			path = Main;
			sourceTree = "<group>";
		};
		34D6927B29719F03007B3F40 /* Fonts */ = {
			isa = PBXGroup;
			children = (
				34D6927C29719F37007B3F40 /* IBMPlexSans-Bold.ttf */,
				34D6928229719F3A007B3F40 /* IBMPlexSans-Italic.ttf */,
				34D6928129719F3A007B3F40 /* IBMPlexSans-Light.ttf */,
				34D6927D29719F38007B3F40 /* IBMPlexSans-Medium.ttf */,
				34D6928029719F39007B3F40 /* IBMPlexSans-Regular.ttf */,
				34D6927F29719F38007B3F40 /* IBMPlexSans-SemiBold.ttf */,
				34D6927E29719F38007B3F40 /* IBMPlexSans-Thin.ttf */,
			);
			path = Fonts;
			sourceTree = "<group>";
		};
		34F00253297456DE0097C787 /* Managers */ = {
			isa = PBXGroup;
			children = (
				34F00254297457030097C787 /* FirebaseAuthentication.swift */,
				34C6FF80297ECF0400E70182 /* FirebaseFireStore.swift */,
			);
			path = Managers;
			sourceTree = "<group>";
		};
/* End PBXGroup section */

/* Begin PBXNativeTarget section */
		34D010372970409D00258959 /* FeeManager */ = {
			isa = PBXNativeTarget;
			buildConfigurationList = 34D0104C2970409F00258959 /* Build configuration list for PBXNativeTarget "FeeManager" */;
			buildPhases = (
				34D010342970409D00258959 /* Sources */,
				34D010352970409D00258959 /* Frameworks */,
				34D010362970409D00258959 /* Resources */,
			);
			buildRules = (
			);
			dependencies = (
			);
			name = FeeManager;
			packageProductDependencies = (
				34FFF7E429793967002D63FB /* FirebaseAnalytics */,
				34FFF7E629793967002D63FB /* FirebaseAuth */,
				34FFF7E829793967002D63FB /* FirebaseCrashlytics */,
				34FFF7EA29793967002D63FB /* FirebaseDatabase */,
				34FFF7EC29793967002D63FB /* FirebaseFirestore */,
				34FFF7EE29793967002D63FB /* FirebasePerformance */,
				34FFF7F029793967002D63FB /* FirebaseStorage */,
				34C6FF85297EEA1500E70182 /* FirebaseFirestoreSwift */,
			);
			productName = FeeManager;
			productReference = 34D010382970409D00258959 /* FeeManager.app */;
			productType = "com.apple.product-type.application";
		};
/* End PBXNativeTarget section */

/* Begin PBXProject section */
		34D010302970409D00258959 /* Project object */ = {
			isa = PBXProject;
			attributes = {
				BuildIndependentTargetsInParallel = 1;
				LastSwiftUpdateCheck = 1420;
				LastUpgradeCheck = 1420;
				TargetAttributes = {
					34D010372970409D00258959 = {
						CreatedOnToolsVersion = 14.2;
					};
				};
			};
			buildConfigurationList = 34D010332970409D00258959 /* Build configuration list for PBXProject "FeeManager" */;
			compatibilityVersion = "Xcode 14.0";
			developmentRegion = en;
			hasScannedForEncodings = 0;
			knownRegions = (
				en,
				Base,
			);
			mainGroup = 34D0102F2970409D00258959;
			packageReferences = (
				34FFF7E329793967002D63FB /* XCRemoteSwiftPackageReference "firebase-ios-sdk" */,
				34D93299297D316B0046D70F /* XCRemoteSwiftPackageReference "MonthYearWheelPicker" */,
			);
			productRefGroup = 34D010392970409D00258959 /* Products */;
			projectDirPath = "";
			projectRoot = "";
			targets = (
				34D010372970409D00258959 /* FeeManager */,
			);
		};
/* End PBXProject section */

/* Begin PBXResourcesBuildPhase section */
		34D010362970409D00258959 /* Resources */ = {
			isa = PBXResourcesBuildPhase;
			buildActionMask = 2147483647;
			files = (
				34D6928829719F3A007B3F40 /* IBMPlexSans-Light.ttf in Resources */,
				34D6928929719F3A007B3F40 /* IBMPlexSans-Italic.ttf in Resources */,
				34D6928729719F3A007B3F40 /* IBMPlexSans-Regular.ttf in Resources */,
				34D6928329719F3A007B3F40 /* IBMPlexSans-Bold.ttf in Resources */,
				34D010482970409F00258959 /* LaunchScreen.storyboard in Resources */,
				34D6928629719F3A007B3F40 /* IBMPlexSans-SemiBold.ttf in Resources */,
				34D010452970409F00258959 /* Assets.xcassets in Resources */,
				34D01064297054C200258959 /* GoogleService-Info.plist in Resources */,
				34D6928529719F3A007B3F40 /* IBMPlexSans-Thin.ttf in Resources */,
				34D6928429719F3A007B3F40 /* IBMPlexSans-Medium.ttf in Resources */,
			);
			runOnlyForDeploymentPostprocessing = 0;
		};
/* End PBXResourcesBuildPhase section */

/* Begin PBXSourcesBuildPhase section */
		34D010342970409D00258959 /* Sources */ = {
			isa = PBXSourcesBuildPhase;
			buildActionMask = 2147483647;
			files = (
				34BEB613297A9205000AC02E /* Fee.swift in Sources */,
				34D6927829716EBC007B3F40 /* OnboardingGeneralViewController.swift in Sources */,
				34D010622970516F00258959 /* EmbedView.swift in Sources */,
				34135E14297545D40055F198 /* AccountViewController.swift in Sources */,
				34BEB623297BEC90000AC02E /* FeeCreator.swift in Sources */,
				34D010562970487700258959 /* UIView.swift in Sources */,
				34BEB61D297BE455000AC02E /* FeeSelectorTableViewCell.swift in Sources */,
				34D0105B29704F7700258959 /* MainPageViewController.swift in Sources */,
				34135E1C29754DDF0055F198 /* CustomTextField.swift in Sources */,
				34C6FF81297ECF0400E70182 /* FirebaseFireStore.swift in Sources */,
				34D9329D297D3CD10046D70F /* Various.swift in Sources */,
				34FFF7F3297943AB002D63FB /* AuthentificationError.swift in Sources */,
				34FFF7F52979582F002D63FB /* LaunchViewController.swift in Sources */,
				34D010402970409D00258959 /* MainViewController.swift in Sources */,
				34C6FF83297EE85F00E70182 /* FeeTuples.swift in Sources */,
				34D692692971568F007B3F40 /* Delegates.swift in Sources */,
				34F00255297457030097C787 /* FirebaseAuthentication.swift in Sources */,
				3459AD742977E7DB00A26C68 /* String.swift in Sources */,
				340564452973F49400A5CCF1 /* NSLayoutConstraints.swift in Sources */,
				34BEB61F297BE864000AC02E /* FeeSelector.swift in Sources */,
				34BEB621297BEB1B000AC02E /* FeeTextFieldTableViewCell.swift in Sources */,
				34D9329F297D64730046D70F /* FeeActionTableViewCell.swift in Sources */,
				34F347A6298081DD002E0CD3 /* AccountViewerViewController.swift in Sources */,
				34D6926F29715FA5007B3F40 /* HomeViewController.swift in Sources */,
				346779F02971A731002D2A79 /* UILabel.swift in Sources */,
				34BEB616297BDFF9000AC02E /* FeeCreatorViewController.swift in Sources */,
				34D6927A29718FE5007B3F40 /* OnboardingViewController.swift in Sources */,
				344D7EEB298029030002B240 /* CellTitle.swift in Sources */,
				340564432973F40500A5CCF1 /* UIColor.swift in Sources */,
				34D0106029704FE000258959 /* PageViewControllerDataSource.swift in Sources */,
				34BEB627297C511C000AC02E /* ModalView.swift in Sources */,
				34C6FF7F297ECBCB00E70182 /* User.swift in Sources */,
				34D0105929704DF500258959 /* UIViewController.swift in Sources */,
				34BEB61B297BE23A000AC02E /* FeeTitleTableViewCell.swift in Sources */,
				3405644A29743E5C00A5CCF1 /* ViewModelsData.swift in Sources */,
				34FFF7F7297960B6002D63FB /* Defaults.swift in Sources */,
				34D6926C29715CD4007B3F40 /* Enums.swift in Sources */,
				34D0103C2970409D00258959 /* AppDelegate.swift in Sources */,
				34135E23297576950055F198 /* AccountHelperTextTableViewCell.swift in Sources */,
				344D7EED2980299D0002B240 /* CellFields.swift in Sources */,
				34D0103E2970409D00258959 /* SceneDelegate.swift in Sources */,
				344D7EE9298028010002B240 /* HomeViewControllerTableViewCell.swift in Sources */,
				34D6927629716D5A007B3F40 /* OnboardingPageViewController.swift in Sources */,
				34135E16297546D50055F198 /* AccountFieldsTableViewCell.swift in Sources */,
				3405644C29744C9300A5CCF1 /* UIStackView.swift in Sources */,
				34BEB625297C45A8000AC02E /* FeeCreatorUIPicker.swift in Sources */,
				349A4E4829705EDA0052800B /* UIButton.swift in Sources */,
				34D01053297045BA00258959 /* NavigationBarView.swift in Sources */,
				34F347A22980788C002E0CD3 /* EmptyCell.swift in Sources */,
				34135E252975773F0055F198 /* AccountActionButtonTableViewCell.swift in Sources */,
				34135E21297555A70055F198 /* AccountHeaderTableViewCell.swift in Sources */,
				34F347A0298054D0002E0CD3 /* PresentFeeViewController.swift in Sources */,
				34135E1A29754A340055F198 /* CustomUITextField.swift in Sources */,
				3405644829743E1700A5CCF1 /* OnboardingCards.swift in Sources */,
				34135E1E297554EC0055F198 /* AccountPage.swift in Sources */,
				347D6680297FD546009054BA /* FeeCreatorAddDataPrompt.swift in Sources */,
				34D0105D29704FA800258959 /* UIPageViewController.swift in Sources */,
				34C6FF7D297E81C700E70182 /* UITableView.swift in Sources */,
			);
			runOnlyForDeploymentPostprocessing = 0;
		};
/* End PBXSourcesBuildPhase section */

/* Begin PBXVariantGroup section */
		34D010462970409F00258959 /* LaunchScreen.storyboard */ = {
			isa = PBXVariantGroup;
			children = (
				34D010472970409F00258959 /* Base */,
			);
			name = LaunchScreen.storyboard;
			sourceTree = "<group>";
		};
/* End PBXVariantGroup section */

/* Begin XCBuildConfiguration section */
		34D0104A2970409F00258959 /* Debug */ = {
			isa = XCBuildConfiguration;
			buildSettings = {
				ALWAYS_SEARCH_USER_PATHS = NO;
				CLANG_ANALYZER_NONNULL = YES;
				CLANG_ANALYZER_NUMBER_OBJECT_CONVERSION = YES_AGGRESSIVE;
				CLANG_CXX_LANGUAGE_STANDARD = "gnu++20";
				CLANG_ENABLE_MODULES = YES;
				CLANG_ENABLE_OBJC_ARC = YES;
				CLANG_ENABLE_OBJC_WEAK = YES;
				CLANG_WARN_BLOCK_CAPTURE_AUTORELEASING = YES;
				CLANG_WARN_BOOL_CONVERSION = YES;
				CLANG_WARN_COMMA = YES;
				CLANG_WARN_CONSTANT_CONVERSION = YES;
				CLANG_WARN_DEPRECATED_OBJC_IMPLEMENTATIONS = YES;
				CLANG_WARN_DIRECT_OBJC_ISA_USAGE = YES_ERROR;
				CLANG_WARN_DOCUMENTATION_COMMENTS = YES;
				CLANG_WARN_EMPTY_BODY = YES;
				CLANG_WARN_ENUM_CONVERSION = YES;
				CLANG_WARN_INFINITE_RECURSION = YES;
				CLANG_WARN_INT_CONVERSION = YES;
				CLANG_WARN_NON_LITERAL_NULL_CONVERSION = YES;
				CLANG_WARN_OBJC_IMPLICIT_RETAIN_SELF = YES;
				CLANG_WARN_OBJC_LITERAL_CONVERSION = YES;
				CLANG_WARN_OBJC_ROOT_CLASS = YES_ERROR;
				CLANG_WARN_QUOTED_INCLUDE_IN_FRAMEWORK_HEADER = YES;
				CLANG_WARN_RANGE_LOOP_ANALYSIS = YES;
				CLANG_WARN_STRICT_PROTOTYPES = YES;
				CLANG_WARN_SUSPICIOUS_MOVE = YES;
				CLANG_WARN_UNGUARDED_AVAILABILITY = YES_AGGRESSIVE;
				CLANG_WARN_UNREACHABLE_CODE = YES;
				CLANG_WARN__DUPLICATE_METHOD_MATCH = YES;
				COPY_PHASE_STRIP = NO;
				DEBUG_INFORMATION_FORMAT = dwarf;
				ENABLE_STRICT_OBJC_MSGSEND = YES;
				ENABLE_TESTABILITY = YES;
				GCC_C_LANGUAGE_STANDARD = gnu11;
				GCC_DYNAMIC_NO_PIC = NO;
				GCC_NO_COMMON_BLOCKS = YES;
				GCC_OPTIMIZATION_LEVEL = 0;
				GCC_PREPROCESSOR_DEFINITIONS = (
					"DEBUG=1",
					"$(inherited)",
				);
				GCC_WARN_64_TO_32_BIT_CONVERSION = YES;
				GCC_WARN_ABOUT_RETURN_TYPE = YES_ERROR;
				GCC_WARN_UNDECLARED_SELECTOR = YES;
				GCC_WARN_UNINITIALIZED_AUTOS = YES_AGGRESSIVE;
				GCC_WARN_UNUSED_FUNCTION = YES;
				GCC_WARN_UNUSED_VARIABLE = YES;
				IPHONEOS_DEPLOYMENT_TARGET = 16.2;
				MTL_ENABLE_DEBUG_INFO = INCLUDE_SOURCE;
				MTL_FAST_MATH = YES;
				ONLY_ACTIVE_ARCH = YES;
				SDKROOT = iphoneos;
				SWIFT_ACTIVE_COMPILATION_CONDITIONS = DEBUG;
				SWIFT_OPTIMIZATION_LEVEL = "-Onone";
			};
			name = Debug;
		};
		34D0104B2970409F00258959 /* Release */ = {
			isa = XCBuildConfiguration;
			buildSettings = {
				ALWAYS_SEARCH_USER_PATHS = NO;
				CLANG_ANALYZER_NONNULL = YES;
				CLANG_ANALYZER_NUMBER_OBJECT_CONVERSION = YES_AGGRESSIVE;
				CLANG_CXX_LANGUAGE_STANDARD = "gnu++20";
				CLANG_ENABLE_MODULES = YES;
				CLANG_ENABLE_OBJC_ARC = YES;
				CLANG_ENABLE_OBJC_WEAK = YES;
				CLANG_WARN_BLOCK_CAPTURE_AUTORELEASING = YES;
				CLANG_WARN_BOOL_CONVERSION = YES;
				CLANG_WARN_COMMA = YES;
				CLANG_WARN_CONSTANT_CONVERSION = YES;
				CLANG_WARN_DEPRECATED_OBJC_IMPLEMENTATIONS = YES;
				CLANG_WARN_DIRECT_OBJC_ISA_USAGE = YES_ERROR;
				CLANG_WARN_DOCUMENTATION_COMMENTS = YES;
				CLANG_WARN_EMPTY_BODY = YES;
				CLANG_WARN_ENUM_CONVERSION = YES;
				CLANG_WARN_INFINITE_RECURSION = YES;
				CLANG_WARN_INT_CONVERSION = YES;
				CLANG_WARN_NON_LITERAL_NULL_CONVERSION = YES;
				CLANG_WARN_OBJC_IMPLICIT_RETAIN_SELF = YES;
				CLANG_WARN_OBJC_LITERAL_CONVERSION = YES;
				CLANG_WARN_OBJC_ROOT_CLASS = YES_ERROR;
				CLANG_WARN_QUOTED_INCLUDE_IN_FRAMEWORK_HEADER = YES;
				CLANG_WARN_RANGE_LOOP_ANALYSIS = YES;
				CLANG_WARN_STRICT_PROTOTYPES = YES;
				CLANG_WARN_SUSPICIOUS_MOVE = YES;
				CLANG_WARN_UNGUARDED_AVAILABILITY = YES_AGGRESSIVE;
				CLANG_WARN_UNREACHABLE_CODE = YES;
				CLANG_WARN__DUPLICATE_METHOD_MATCH = YES;
				COPY_PHASE_STRIP = NO;
				DEBUG_INFORMATION_FORMAT = "dwarf-with-dsym";
				ENABLE_NS_ASSERTIONS = NO;
				ENABLE_STRICT_OBJC_MSGSEND = YES;
				GCC_C_LANGUAGE_STANDARD = gnu11;
				GCC_NO_COMMON_BLOCKS = YES;
				GCC_WARN_64_TO_32_BIT_CONVERSION = YES;
				GCC_WARN_ABOUT_RETURN_TYPE = YES_ERROR;
				GCC_WARN_UNDECLARED_SELECTOR = YES;
				GCC_WARN_UNINITIALIZED_AUTOS = YES_AGGRESSIVE;
				GCC_WARN_UNUSED_FUNCTION = YES;
				GCC_WARN_UNUSED_VARIABLE = YES;
				IPHONEOS_DEPLOYMENT_TARGET = 16.2;
				MTL_ENABLE_DEBUG_INFO = NO;
				MTL_FAST_MATH = YES;
				SDKROOT = iphoneos;
				SWIFT_COMPILATION_MODE = wholemodule;
				SWIFT_OPTIMIZATION_LEVEL = "-O";
				VALIDATE_PRODUCT = YES;
			};
			name = Release;
		};
		34D0104D2970409F00258959 /* Debug */ = {
			isa = XCBuildConfiguration;
			buildSettings = {
				ASSETCATALOG_COMPILER_APPICON_NAME = AppIcon;
				ASSETCATALOG_COMPILER_GLOBAL_ACCENT_COLOR_NAME = AccentColor;
				CODE_SIGN_STYLE = Automatic;
				CURRENT_PROJECT_VERSION = 1;
				DEVELOPMENT_TEAM = L2AR479Z2P;
				GENERATE_INFOPLIST_FILE = YES;
				INFOPLIST_FILE = FeeManager/Info.plist;
				INFOPLIST_KEY_CFBundleDisplayName = FeeManager;
				INFOPLIST_KEY_LSApplicationCategoryType = "public.app-category.finance";
				INFOPLIST_KEY_UIApplicationSupportsIndirectInputEvents = YES;
				INFOPLIST_KEY_UILaunchStoryboardName = LaunchScreen.storyboard;
				INFOPLIST_KEY_UIMainStoryboardFile = "";
				INFOPLIST_KEY_UIStatusBarStyle = "";
				INFOPLIST_KEY_UISupportedInterfaceOrientations = UIInterfaceOrientationPortrait;
				INFOPLIST_KEY_UISupportedInterfaceOrientations_iPad = "UIInterfaceOrientationLandscapeLeft UIInterfaceOrientationLandscapeRight UIInterfaceOrientationPortrait UIInterfaceOrientationPortraitUpsideDown";
				IPHONEOS_DEPLOYMENT_TARGET = 15.0;
				LD_RUNPATH_SEARCH_PATHS = (
					"$(inherited)",
					"@executable_path/Frameworks",
				);
				MARKETING_VERSION = 1.0;
				PRODUCT_BUNDLE_IDENTIFIER = com.mlvn.feemanager.FeeManager;
				PRODUCT_NAME = "$(TARGET_NAME)";
				SUPPORTED_PLATFORMS = "iphoneos iphonesimulator";
				SUPPORTS_MACCATALYST = NO;
				SUPPORTS_MAC_DESIGNED_FOR_IPHONE_IPAD = NO;
				SWIFT_EMIT_LOC_STRINGS = YES;
				SWIFT_VERSION = 5.0;
				TARGETED_DEVICE_FAMILY = 1;
			};
			name = Debug;
		};
		34D0104E2970409F00258959 /* Release */ = {
			isa = XCBuildConfiguration;
			buildSettings = {
				ASSETCATALOG_COMPILER_APPICON_NAME = AppIcon;
				ASSETCATALOG_COMPILER_GLOBAL_ACCENT_COLOR_NAME = AccentColor;
				CODE_SIGN_STYLE = Automatic;
				CURRENT_PROJECT_VERSION = 1;
				DEVELOPMENT_TEAM = L2AR479Z2P;
				GENERATE_INFOPLIST_FILE = YES;
				INFOPLIST_FILE = FeeManager/Info.plist;
				INFOPLIST_KEY_CFBundleDisplayName = FeeManager;
				INFOPLIST_KEY_LSApplicationCategoryType = "public.app-category.finance";
				INFOPLIST_KEY_UIApplicationSupportsIndirectInputEvents = YES;
				INFOPLIST_KEY_UILaunchStoryboardName = LaunchScreen.storyboard;
				INFOPLIST_KEY_UIMainStoryboardFile = "";
				INFOPLIST_KEY_UIStatusBarStyle = "";
				INFOPLIST_KEY_UISupportedInterfaceOrientations = UIInterfaceOrientationPortrait;
				INFOPLIST_KEY_UISupportedInterfaceOrientations_iPad = "UIInterfaceOrientationLandscapeLeft UIInterfaceOrientationLandscapeRight UIInterfaceOrientationPortrait UIInterfaceOrientationPortraitUpsideDown";
				IPHONEOS_DEPLOYMENT_TARGET = 15.0;
				LD_RUNPATH_SEARCH_PATHS = (
					"$(inherited)",
					"@executable_path/Frameworks",
				);
				MARKETING_VERSION = 1.0;
				PRODUCT_BUNDLE_IDENTIFIER = com.mlvn.feemanager.FeeManager;
				PRODUCT_NAME = "$(TARGET_NAME)";
				SUPPORTED_PLATFORMS = "iphoneos iphonesimulator";
				SUPPORTS_MACCATALYST = NO;
				SUPPORTS_MAC_DESIGNED_FOR_IPHONE_IPAD = NO;
				SWIFT_EMIT_LOC_STRINGS = YES;
				SWIFT_VERSION = 5.0;
				TARGETED_DEVICE_FAMILY = 1;
			};
			name = Release;
		};
/* End XCBuildConfiguration section */

/* Begin XCConfigurationList section */
		34D010332970409D00258959 /* Build configuration list for PBXProject "FeeManager" */ = {
			isa = XCConfigurationList;
			buildConfigurations = (
				34D0104A2970409F00258959 /* Debug */,
				34D0104B2970409F00258959 /* Release */,
			);
			defaultConfigurationIsVisible = 0;
			defaultConfigurationName = Release;
		};
		34D0104C2970409F00258959 /* Build configuration list for PBXNativeTarget "FeeManager" */ = {
			isa = XCConfigurationList;
			buildConfigurations = (
				34D0104D2970409F00258959 /* Debug */,
				34D0104E2970409F00258959 /* Release */,
			);
			defaultConfigurationIsVisible = 0;
			defaultConfigurationName = Release;
		};
/* End XCConfigurationList section */

/* Begin XCRemoteSwiftPackageReference section */
		34D93299297D316B0046D70F /* XCRemoteSwiftPackageReference "MonthYearWheelPicker" */ = {
			isa = XCRemoteSwiftPackageReference;
			repositoryURL = "https://github.com/bendodson/MonthYearWheelPicker.git";
			requirement = {
				kind = upToNextMajorVersion;
				minimumVersion = 1.0.0;
			};
		};
		34FFF7E329793967002D63FB /* XCRemoteSwiftPackageReference "firebase-ios-sdk" */ = {
			isa = XCRemoteSwiftPackageReference;
			repositoryURL = "https://github.com/firebase/firebase-ios-sdk.git";
			requirement = {
				branch = master;
				kind = branch;
			};
		};
/* End XCRemoteSwiftPackageReference section */

/* Begin XCSwiftPackageProductDependency section */
		34C6FF85297EEA1500E70182 /* FirebaseFirestoreSwift */ = {
			isa = XCSwiftPackageProductDependency;
			package = 34FFF7E329793967002D63FB /* XCRemoteSwiftPackageReference "firebase-ios-sdk" */;
			productName = FirebaseFirestoreSwift;
		};
		34FFF7E429793967002D63FB /* FirebaseAnalytics */ = {
			isa = XCSwiftPackageProductDependency;
			package = 34FFF7E329793967002D63FB /* XCRemoteSwiftPackageReference "firebase-ios-sdk" */;
			productName = FirebaseAnalytics;
		};
		34FFF7E629793967002D63FB /* FirebaseAuth */ = {
			isa = XCSwiftPackageProductDependency;
			package = 34FFF7E329793967002D63FB /* XCRemoteSwiftPackageReference "firebase-ios-sdk" */;
			productName = FirebaseAuth;
		};
		34FFF7E829793967002D63FB /* FirebaseCrashlytics */ = {
			isa = XCSwiftPackageProductDependency;
			package = 34FFF7E329793967002D63FB /* XCRemoteSwiftPackageReference "firebase-ios-sdk" */;
			productName = FirebaseCrashlytics;
		};
		34FFF7EA29793967002D63FB /* FirebaseDatabase */ = {
			isa = XCSwiftPackageProductDependency;
			package = 34FFF7E329793967002D63FB /* XCRemoteSwiftPackageReference "firebase-ios-sdk" */;
			productName = FirebaseDatabase;
		};
		34FFF7EC29793967002D63FB /* FirebaseFirestore */ = {
			isa = XCSwiftPackageProductDependency;
			package = 34FFF7E329793967002D63FB /* XCRemoteSwiftPackageReference "firebase-ios-sdk" */;
			productName = FirebaseFirestore;
		};
		34FFF7EE29793967002D63FB /* FirebasePerformance */ = {
			isa = XCSwiftPackageProductDependency;
			package = 34FFF7E329793967002D63FB /* XCRemoteSwiftPackageReference "firebase-ios-sdk" */;
			productName = FirebasePerformance;
		};
		34FFF7F029793967002D63FB /* FirebaseStorage */ = {
			isa = XCSwiftPackageProductDependency;
			package = 34FFF7E329793967002D63FB /* XCRemoteSwiftPackageReference "firebase-ios-sdk" */;
			productName = FirebaseStorage;
		};
/* End XCSwiftPackageProductDependency section */
	};
	rootObject = 34D010302970409D00258959 /* Project object */;
}
